
Microsoft Visual Studio Solution File, Format Version 12.00
# Visual Studio Version 17
VisualStudioVersion = 17.8.34330.188
MinimumVisualStudioVersion = 10.0.40219.1
Project("{9A19103F-16F7-4668-BE54-9A1E7A4F7556}") = "Ion.Server", "Ion.Server\Ion.Server.csproj", "{FFE7B74E-9309-4F95-AF5C-A163B2680B3A}"
EndProject
Project("{54A90642-561A-4BB1-A94E-469ADEE60C69}") = "ion.client", "ion.client\ion.client.esproj", "{CCFC1D72-F398-426E-A569-8C30EC686976}"
EndProject
Project("{FAE04EC0-301F-11D3-BF4B-00C04F79EFBC}") = "Ion.Domain", "Ion.Domain\Ion.Domain.csproj", "{4A40B8C4-9A6E-4BD3-B299-E5F31459EA8F}"
EndProject
Project("{FAE04EC0-301F-11D3-BF4B-00C04F79EFBC}") = "Ion.Application", "Ion.Application\Ion.Application.csproj", "{CF67EE0C-76B0-4D94-8326-C74A9DB96AB7}"
	ProjectSection(ProjectDependencies) = postProject
		{4A40B8C4-9A6E-4BD3-B299-E5F31459EA8F} = {4A40B8C4-9A6E-4BD3-B299-E5F31459EA8F}
	EndProjectSection
EndProject
Project("{FAE04EC0-301F-11D3-BF4B-00C04F79EFBC}") = "Ion.Infrastructure", "Ion.Infrastructure\Ion.Infrastructure.csproj", "{F20F8D4F-0968-439D-8F2E-957D1168FFB3}"
EndProject
Global
	GlobalSection(SolutionConfigurationPlatforms) = preSolution
		Debug|Any CPU = Debug|Any CPU
		Release|Any CPU = Release|Any CPU
	EndGlobalSection
	GlobalSection(ProjectConfigurationPlatforms) = postSolution
		{FFE7B74E-9309-4F95-AF5C-A163B2680B3A}.Debug|Any CPU.ActiveCfg = Debug|Any CPU
		{FFE7B74E-9309-4F95-AF5C-A163B2680B3A}.Debug|Any CPU.Build.0 = Debug|Any CPU
		{FFE7B74E-9309-4F95-AF5C-A163B2680B3A}.Release|Any CPU.ActiveCfg = Release|Any CPU
		{FFE7B74E-9309-4F95-AF5C-A163B2680B3A}.Release|Any CPU.Build.0 = Release|Any CPU
		{CCFC1D72-F398-426E-A569-8C30EC686976}.Debug|Any CPU.ActiveCfg = Debug|Any CPU
		{CCFC1D72-F398-426E-A569-8C30EC686976}.Debug|Any CPU.Build.0 = Debug|Any CPU
		{CCFC1D72-F398-426E-A569-8C30EC686976}.Debug|Any CPU.Deploy.0 = Debug|Any CPU
		{CCFC1D72-F398-426E-A569-8C30EC686976}.Release|Any CPU.ActiveCfg = Release|Any CPU
		{CCFC1D72-F398-426E-A569-8C30EC686976}.Release|Any CPU.Build.0 = Release|Any CPU
		{CCFC1D72-F398-426E-A569-8C30EC686976}.Release|Any CPU.Deploy.0 = Release|Any CPU
		{4A40B8C4-9A6E-4BD3-B299-E5F31459EA8F}.Debug|Any CPU.ActiveCfg = Debug|Any CPU
		{4A40B8C4-9A6E-4BD3-B299-E5F31459EA8F}.Debug|Any CPU.Build.0 = Debug|Any CPU
		{4A40B8C4-9A6E-4BD3-B299-E5F31459EA8F}.Release|Any CPU.ActiveCfg = Release|Any CPU
		{4A40B8C4-9A6E-4BD3-B299-E5F31459EA8F}.Release|Any CPU.Build.0 = Release|Any CPU
		{CF67EE0C-76B0-4D94-8326-C74A9DB96AB7}.Debug|Any CPU.ActiveCfg = Debug|Any CPU
		{CF67EE0C-76B0-4D94-8326-C74A9DB96AB7}.Debug|Any CPU.Build.0 = Debug|Any CPU
		{CF67EE0C-76B0-4D94-8326-C74A9DB96AB7}.Release|Any CPU.ActiveCfg = Release|Any CPU
		{CF67EE0C-76B0-4D94-8326-C74A9DB96AB7}.Release|Any CPU.Build.0 = Release|Any CPU
		{F20F8D4F-0968-439D-8F2E-957D1168FFB3}.Debug|Any CPU.ActiveCfg = Debug|Any CPU
		{F20F8D4F-0968-439D-8F2E-957D1168FFB3}.Debug|Any CPU.Build.0 = Debug|Any CPU
		{F20F8D4F-0968-439D-8F2E-957D1168FFB3}.Release|Any CPU.ActiveCfg = Release|Any CPU
		{F20F8D4F-0968-439D-8F2E-957D1168FFB3}.Release|Any CPU.Build.0 = Release|Any CPU
	EndGlobalSection
	GlobalSection(SolutionProperties) = preSolution
		HideSolutionNode = FALSE
	EndGlobalSection
	GlobalSection(ExtensibilityGlobals) = postSolution
		SolutionGuid = {D1B7C767-86C6-4B34-8D6F-A3F5C9175231}
	EndGlobalSection
EndGlobal
